# THIS IS AN AUTOGENERATED FILE. DO NOT EDIT THIS FILE DIRECTLY.
# yarn lockfile v1


"@types/aws-lambda@^8.10.51":
  version "8.10.51"
  resolved "https://registry.yarnpkg.com/@types/aws-lambda/-/aws-lambda-8.10.51.tgz#7ad774507a3cf1d2e949ca305380c23b5af635a0"
  integrity sha512-XK7RerpXj4r+IO0r7qIeNqUSU6L4qhPMwNhISxozJJiUX/jdXj9WYzTShRVisEcUQHXgJ4TTBqTArM8f9Mjb8g==

"@types/node@^13.13.4":
  version "13.13.4"
  resolved "https://registry.yarnpkg.com/@types/node/-/node-13.13.4.tgz#1581d6c16e3d4803eb079c87d4ac893ee7501c2c"
  integrity sha512-x26ur3dSXgv5AwKS0lNfbjpCakGIduWU1DU91Zz58ONRWrIKGunmZBNv4P7N+e27sJkiGDsw/3fT4AtsqQBrBA==

argparse@^1.0.7:
  version "1.0.10"
  resolved "https://registry.yarnpkg.com/argparse/-/argparse-1.0.10.tgz#bcd6791ea5ae09725e17e5ad988134cd40b3d911"
  integrity sha512-o5Roy6tNG4SL/FOkCAN6RzjiakZS25RLYFrcMttJqbdd8BWrnA+fGz57iN5Pb06pvBGvl5gQ0B48dJlslXvoTg==
  dependencies:
    sprintf-js "~1.0.2"

aws-lambda@^1.0.6:
  version "1.0.6"
  resolved "https://registry.yarnpkg.com/aws-lambda/-/aws-lambda-1.0.6.tgz#ba562478264646b51e9dc817d7d25ea468ed011b"
  integrity sha512-Z9lmZBiDYejzjMWuQSDXuZWAqAun6vGt7WApB1r0f8tLNf0IlTGsH30qENfP1kXeTbbMgPpt1bPEeMZjYDTXxQ==
  dependencies:
    aws-sdk "*"
    commander "^3.0.2"
    js-yaml "^3.13.1"
    watchpack "^2.0.0-beta.10"

aws-sdk@*, aws-sdk@^2.665.0:
  version "2.665.0"
  resolved "https://registry.yarnpkg.com/aws-sdk/-/aws-sdk-2.665.0.tgz#5f2fd304c911a67c9e1202194ae59d5b2a2cd8ba"
  integrity sha512-1V5b6yWgRTXFHtt0yB8Lg6nGTnqQ1EJ5KsbrQ2grpmEZsz7Rm0J/jIFdv3VUDcHqJOrFPKLC3L7a6FE36y0leg==
  dependencies:
    buffer "4.9.1"
    events "1.1.1"
    ieee754 "1.1.13"
    jmespath "0.15.0"
    querystring "0.2.0"
    sax "1.2.1"
    url "0.10.3"
    uuid "3.3.2"
    xml2js "0.4.19"

base64-js@^1.0.2:
  version "1.3.1"
  resolved "https://registry.yarnpkg.com/base64-js/-/base64-js-1.3.1.tgz#58ece8cb75dd07e71ed08c736abc5fac4dbf8df1"
  integrity sha512-mLQ4i2QO1ytvGWFWmcngKO//JXAQueZvwEKtjgQFM4jIK0kU+ytMfplL8j+n5mspOfjHwoAg+9yhb7BwAHm36g==

buffer@4.9.1:
  version "4.9.1"
  resolved "https://registry.yarnpkg.com/buffer/-/buffer-4.9.1.tgz#6d1bb601b07a4efced97094132093027c95bc298"
  integrity sha1-bRu2AbB6TvztlwlBMgkwJ8lbwpg=
  dependencies:
    base64-js "^1.0.2"
    ieee754 "^1.1.4"
    isarray "^1.0.0"

commander@^3.0.2:
  version "3.0.2"
  resolved "https://registry.yarnpkg.com/commander/-/commander-3.0.2.tgz#6837c3fb677ad9933d1cfba42dd14d5117d6b39e"
  integrity sha512-Gar0ASD4BDyKC4hl4DwHqDrmvjoxWKZigVnAbn5H1owvm4CxCPdb0HQDehwNYMJpla5+M2tPmPARzhtYuwpHow==

dom-serializer@0:
  version "0.2.2"
  resolved "https://registry.yarnpkg.com/dom-serializer/-/dom-serializer-0.2.2.tgz#1afb81f533717175d478655debc5e332d9f9bb51"
  integrity sha512-2/xPb3ORsQ42nHYiSunXkDjPLBaEj/xTwUO4B7XCZQTRk7EBtTOPaygh10YAAh2OI1Qrp6NWfpAhzswj0ydt9g==
  dependencies:
    domelementtype "^2.0.1"
    entities "^2.0.0"

domelementtype@1, domelementtype@^1.3.1:
  version "1.3.1"
  resolved "https://registry.yarnpkg.com/domelementtype/-/domelementtype-1.3.1.tgz#d048c44b37b0d10a7f2a3d5fee3f4333d790481f"
  integrity sha512-BSKB+TSpMpFI/HOxCNr1O8aMOTZ8hT3pM3GQ0w/mWRmkhEDSFJkkyzz4XQsBV44BChwGkrDfMyjVD0eA2aFV3w==

domelementtype@^2.0.1:
  version "2.0.1"
  resolved "https://registry.yarnpkg.com/domelementtype/-/domelementtype-2.0.1.tgz#1f8bdfe91f5a78063274e803b4bdcedf6e94f94d"
  integrity sha512-5HOHUDsYZWV8FGWN0Njbr/Rn7f/eWSQi1v7+HsUVwXgn8nWWlL64zKDkS0n8ZmQ3mlWOMuXOnR+7Nx/5tMO5AQ==

domhandler@^2.3.0:
  version "2.4.2"
  resolved "https://registry.yarnpkg.com/domhandler/-/domhandler-2.4.2.tgz#8805097e933d65e85546f726d60f5eb88b44f803"
  integrity sha512-JiK04h0Ht5u/80fdLMCEmV4zkNh2BcoMFBmZ/91WtYZ8qVXSKjiw7fXMgFPnHcSZgOo3XdinHvmnDUeMf5R4wA==
  dependencies:
    domelementtype "1"

domutils@^1.5.1:
  version "1.7.0"
  resolved "https://registry.yarnpkg.com/domutils/-/domutils-1.7.0.tgz#56ea341e834e06e6748af7a1cb25da67ea9f8c2a"
  integrity sha512-Lgd2XcJ/NjEw+7tFvfKxOzCYKZsdct5lczQ2ZaQY8Djz7pfAD3Gbp8ySJWtreII/vDlMVmxwa6pHmdxIYgttDg==
  dependencies:
    dom-serializer "0"
    domelementtype "1"

encoding-japanese@1.0.30:
  version "1.0.30"
  resolved "https://registry.yarnpkg.com/encoding-japanese/-/encoding-japanese-1.0.30.tgz#537c4d62881767925d601acb4c79fb14db81703a"
  integrity sha512-bd/DFLAoJetvv7ar/KIpE3CNO8wEuyrt9Xuw6nSMiZ+Vrz/Q21BPsMHvARL2Wz6IKHKXgb+DWZqtRg1vql9cBg==

entities@^1.1.1:
  version "1.1.2"
  resolved "https://registry.yarnpkg.com/entities/-/entities-1.1.2.tgz#bdfa735299664dfafd34529ed4f8522a275fea56"
  integrity sha512-f2LZMYl1Fzu7YSBKg+RoROelpOaNrcGmE9AZubeDfrCEia483oW4MI4VyFd5VNHIgQ/7qm1I0wUHK1eJnn2y2w==

entities@^2.0.0:
  version "2.0.0"
  resolved "https://registry.yarnpkg.com/entities/-/entities-2.0.0.tgz#68d6084cab1b079767540d80e56a39b423e4abf4"
  integrity sha512-D9f7V0JSRwIxlRI2mjMqufDrRDnx8p+eEOz7aUM9SuvF8gsBzra0/6tbjl1m8eQHrZlYj6PxqE00hZ1SAIKPLw==

esprima@^4.0.0:
  version "4.0.1"
  resolved "https://registry.yarnpkg.com/esprima/-/esprima-4.0.1.tgz#13b04cdb3e6c5d19df91ab6987a8695619b0aa71"
  integrity sha512-eGuFFw7Upda+g4p+QHvnW0RyTX/SVeJBDM/gCtMARO0cLuT2HcEKnTPvhjV6aGeqrCB/sbNop0Kszm0jsaWU4A==

events@1.1.1:
  version "1.1.1"
  resolved "https://registry.yarnpkg.com/events/-/events-1.1.1.tgz#9ebdb7635ad099c70dcc4c2a1f5004288e8bd924"
  integrity sha1-nr23Y1rQmccNzEwqH1AEKI6L2SQ=

glob-to-regexp@^0.4.1:
  version "0.4.1"
  resolved "https://registry.yarnpkg.com/glob-to-regexp/-/glob-to-regexp-0.4.1.tgz#c75297087c851b9a578bd217dd59a92f59fe546e"
  integrity sha512-lkX1HJXwyMcprw/5YUZc2s7DrpAiHB21/V+E1rHUrVNokkvB6bqMzT0VfV6/86ZNabt1k14YOIaT7nDvOX3Iiw==

graceful-fs@^4.1.2:
  version "4.2.4"
  resolved "https://registry.yarnpkg.com/graceful-fs/-/graceful-fs-4.2.4.tgz#2256bde14d3632958c465ebc96dc467ca07a29fb"
  integrity sha512-WjKPNJF79dtJAVniUlGGWHYGz2jWxT6VhN/4m1NdkbZ2nOsEF+cI1Edgql5zCRhs/VsQYRvrXctxktVXZUkixw==

he@1.2.0, he@^1.2.0:
  version "1.2.0"
  resolved "https://registry.yarnpkg.com/he/-/he-1.2.0.tgz#84ae65fa7eafb165fddb61566ae14baf05664f0f"
  integrity sha512-F/1DnUGPopORZi0ni+CvrCgHQ5FyEAHRLSApuYWMmrbSwoN2Mn/7k+Gl38gJnR7yyDZk6WLXwiGod1JOWNDKGw==

html-to-text@5.1.1:
  version "5.1.1"
  resolved "https://registry.yarnpkg.com/html-to-text/-/html-to-text-5.1.1.tgz#2d89db7bf34bc7bcb7d546b1b228991a16926e87"
  integrity sha512-Bci6bD/JIfZSvG4s0gW/9mMKwBRoe/1RWLxUME/d6WUSZCdY7T60bssf/jFf7EYXRyqU4P5xdClVqiYU0/ypdA==
  dependencies:
    he "^1.2.0"
    htmlparser2 "^3.10.1"
    lodash "^4.17.11"
    minimist "^1.2.0"

htmlparser2@^3.10.1:
  version "3.10.1"
  resolved "https://registry.yarnpkg.com/htmlparser2/-/htmlparser2-3.10.1.tgz#bd679dc3f59897b6a34bb10749c855bb53a9392f"
  integrity sha512-IgieNijUMbkDovyoKObU1DUhm1iwNYE/fuifEoEHfd1oZKZDaONBSkal7Y01shxsM49R4XaMdGez3WnF9UfiCQ==
  dependencies:
    domelementtype "^1.3.1"
    domhandler "^2.3.0"
    domutils "^1.5.1"
    entities "^1.1.1"
    inherits "^2.0.1"
    readable-stream "^3.1.1"

iconv-lite@0.5.0:
  version "0.5.0"
  resolved "https://registry.yarnpkg.com/iconv-lite/-/iconv-lite-0.5.0.tgz#59cdde0a2a297cc2aeb0c6445a195ee89f127550"
  integrity sha512-NnEhI9hIEKHOzJ4f697DMz9IQEXr/MMJ5w64vN2/4Ai+wRnvV7SBrL0KLoRlwaKVghOc7LQ5YkPLuX146b6Ydw==
  dependencies:
    safer-buffer ">= 2.1.2 < 3"

ieee754@1.1.13, ieee754@^1.1.4:
  version "1.1.13"
  resolved "https://registry.yarnpkg.com/ieee754/-/ieee754-1.1.13.tgz#ec168558e95aa181fd87d37f55c32bbcb6708b84"
  integrity sha512-4vf7I2LYV/HaWerSo3XmlMkp5eZ83i+/CDluXi/IGTs/O1sejBNhTtnxzmRZfvOUqj7lZjqHkeTvpgSFDlWZTg==

inherits@^2.0.1, inherits@^2.0.3:
  version "2.0.4"
  resolved "https://registry.yarnpkg.com/inherits/-/inherits-2.0.4.tgz#0fa2c64f932917c3433a0ded55363aae37416b7c"
  integrity sha512-k/vGaX4/Yla3WzyMCvTQOXYeIHvqOKtnqBduzTHpzpQZzAskKMhZ2K+EnBiSM9zGSoIFeMpXKxa4dYeZIQqewQ==

isarray@^1.0.0:
  version "1.0.0"
  resolved "https://registry.yarnpkg.com/isarray/-/isarray-1.0.0.tgz#bb935d48582cba168c06834957a54a3e07124f11"
  integrity sha1-u5NdSFgsuhaMBoNJV6VKPgcSTxE=

jmespath@0.15.0:
  version "0.15.0"
  resolved "https://registry.yarnpkg.com/jmespath/-/jmespath-0.15.0.tgz#a3f222a9aae9f966f5d27c796510e28091764217"
  integrity sha1-o/Iiqarp+Wb10nx5ZRDigJF2Qhc=

js-yaml@^3.13.1:
  version "3.13.1"
  resolved "https://registry.yarnpkg.com/js-yaml/-/js-yaml-3.13.1.tgz#aff151b30bfdfa8e49e05da22e7415e9dfa37847"
  integrity sha512-YfbcO7jXDdyj0DGxYVSlSeQNHbD7XPWvrVWeVUujrQEoZzWJIRrCPoyk6kL6IAjAG2IolMK4T0hNUe0HOUs5Jw==
  dependencies:
    argparse "^1.0.7"
    esprima "^4.0.0"

libbase64@1.2.1:
  version "1.2.1"
  resolved "https://registry.yarnpkg.com/libbase64/-/libbase64-1.2.1.tgz#fb93bf4cb6d730f29b92155b6408d1bd2176a8c8"
  integrity sha512-l+nePcPbIG1fNlqMzrh68MLkX/gTxk/+vdvAb388Ssi7UuUN31MI44w4Yf33mM3Cm4xDfw48mdf3rkdHszLNew==

libmime@4.2.1:
  version "4.2.1"
  resolved "https://registry.yarnpkg.com/libmime/-/libmime-4.2.1.tgz#d21aa5db88b131af18bf5a3caa1013da2c21a9dd"
  integrity sha512-09y7zjSc5im1aNsq815zgo4/G3DnIzym3aDOHsGq4Ee5vrX4PdgQRybAsztz9Rv0NhO+J5C0llEUloa3sUmjmA==
  dependencies:
    encoding-japanese "1.0.30"
    iconv-lite "0.5.0"
    libbase64 "1.2.1"
    libqp "1.1.0"

libqp@1.1.0:
  version "1.1.0"
  resolved "https://registry.yarnpkg.com/libqp/-/libqp-1.1.0.tgz#f5e6e06ad74b794fb5b5b66988bf728ef1dedbe8"
  integrity sha1-9ebgatdLeU+1tbZpiL9yjvHe2+g=

linkify-it@2.2.0:
  version "2.2.0"
  resolved "https://registry.yarnpkg.com/linkify-it/-/linkify-it-2.2.0.tgz#e3b54697e78bf915c70a38acd78fd09e0058b1cf"
  integrity sha512-GnAl/knGn+i1U/wjBz3akz2stz+HrHLsxMwHQGofCDfPvlf+gDKN58UtfmUquTY4/MXeE2x7k19KQmeoZi94Iw==
  dependencies:
    uc.micro "^1.0.1"

lodash@^4.17.11:
  version "4.17.15"
  resolved "https://registry.yarnpkg.com/lodash/-/lodash-4.17.15.tgz#b447f6670a0455bbfeedd11392eff330ea097548"
  integrity sha512-8xOcRHvCjnocdS5cpwXQXVzmmh5e5+saE2QGoeQmbKmRS6J3VQppPOIt0MnmE+4xlZoumy0GPG0D0MVIQbNA1A==

mailparser@^2.7.7:
  version "2.7.7"
  resolved "https://registry.yarnpkg.com/mailparser/-/mailparser-2.7.7.tgz#7d3fe616797427629c59992a34d84820d550676b"
  integrity sha512-FcVkXYm+zIg59HNPINGQw99eMTvcAkmQZHmabF8aSeMZ6/vWkx0HdT6FpXApelfe5IKRk6nWEg+YAuuXZl9+Fg==
  dependencies:
    encoding-japanese "1.0.30"
    he "1.2.0"
    html-to-text "5.1.1"
    iconv-lite "0.5.0"
    libmime "4.2.1"
    linkify-it "2.2.0"
    mailsplit "4.6.2"
    nodemailer "6.4.0"
    tlds "1.207.0"

mailsplit@4.6.2:
  version "4.6.2"
  resolved "https://registry.yarnpkg.com/mailsplit/-/mailsplit-4.6.2.tgz#ce622cea460406035ff9f7d493ed00ea52a27aaa"
  integrity sha512-7Bw2R0QfORXexGGQCEK64EeShHacUNyU5kV5F5sj4jPQB3ITe2v9KRqxD40wpuue6W/sBJlSNBZ0AypIeTGQMQ==
  dependencies:
    libbase64 "1.2.1"
    libmime "4.2.1"
    libqp "1.1.0"

minimist@^1.2.0:
  version "1.2.5"
  resolved "https://registry.yarnpkg.com/minimist/-/minimist-1.2.5.tgz#67d66014b66a6a8aaa0c083c5fd58df4e4e97602"
  integrity sha512-FM9nNUYrRBAELZQT3xeZQ7fmMOBg6nWNmJKTcgsJeaLstP/UODVpGsr5OhXhhXg6f+qtJ8uiZ+PUxkDWcgIXLw==

nodemailer@6.4.0:
  version "6.4.0"
  resolved "https://registry.yarnpkg.com/nodemailer/-/nodemailer-6.4.0.tgz#91482ebc09d39156d933eb9e6159642cd27bf02c"
  integrity sha512-UBqPOfQGD1cM3HnjhuQe+0u3DWx47WWK7lBjG5UtPnGOysr7oDK5lNCzcjK6zzeBSdTk4m1tGx1xNbWFZQmMNA==

punycode@1.3.2:
  version "1.3.2"
  resolved "https://registry.yarnpkg.com/punycode/-/punycode-1.3.2.tgz#9653a036fb7c1ee42342f2325cceefea3926c48d"
  integrity sha1-llOgNvt8HuQjQvIyXM7v6jkmxI0=

querystring@0.2.0:
  version "0.2.0"
  resolved "https://registry.yarnpkg.com/querystring/-/querystring-0.2.0.tgz#b209849203bb25df820da756e747005878521620"
  integrity sha1-sgmEkgO7Jd+CDadW50cAWHhSFiA=

readable-stream@^3.1.1:
  version "3.6.0"
  resolved "https://registry.yarnpkg.com/readable-stream/-/readable-stream-3.6.0.tgz#337bbda3adc0706bd3e024426a286d4b4b2c9198"
  integrity sha512-BViHy7LKeTz4oNnkcLJ+lVSL6vpiFeX6/d3oSH8zCW7UxP2onchk+vTGB143xuFjHS3deTgkKoXXymXqymiIdA==
  dependencies:
    inherits "^2.0.3"
    string_decoder "^1.1.1"
    util-deprecate "^1.0.1"

safe-buffer@~5.2.0:
  version "5.2.0"
  resolved "https://registry.yarnpkg.com/safe-buffer/-/safe-buffer-5.2.0.tgz#b74daec49b1148f88c64b68d49b1e815c1f2f519"
  integrity sha512-fZEwUGbVl7kouZs1jCdMLdt95hdIv0ZeHg6L7qPeciMZhZ+/gdesW4wgTARkrFWEpspjEATAzUGPG8N2jJiwbg==

"safer-buffer@>= 2.1.2 < 3":
  version "2.1.2"
  resolved "https://registry.yarnpkg.com/safer-buffer/-/safer-buffer-2.1.2.tgz#44fa161b0187b9549dd84bb91802f9bd8385cd6a"
  integrity sha512-YZo3K82SD7Riyi0E1EQPojLz7kpepnSQI9IyPbHHg1XXXevb5dJI7tpyN2ADxGcQbHG7vcyRHk0cbwqcQriUtg==

sax@1.2.1:
  version "1.2.1"
  resolved "https://registry.yarnpkg.com/sax/-/sax-1.2.1.tgz#7b8e656190b228e81a66aea748480d828cd2d37a"
  integrity sha1-e45lYZCyKOgaZq6nSEgNgozS03o=

sax@>=0.6.0:
  version "1.2.4"
  resolved "https://registry.yarnpkg.com/sax/-/sax-1.2.4.tgz#2816234e2378bddc4e5354fab5caa895df7100d9"
  integrity sha512-NqVDv9TpANUjFm0N8uM5GxL36UgKi9/atZw+x7YFnQ8ckwFGKrl4xX4yWtrey3UJm5nP1kUbnYgLopqWNSRhWw==

sprintf-js@~1.0.2:
  version "1.0.3"
  resolved "https://registry.yarnpkg.com/sprintf-js/-/sprintf-js-1.0.3.tgz#04e6926f662895354f3dd015203633b857297e2c"
  integrity sha1-BOaSb2YolTVPPdAVIDYzuFcpfiw=

string_decoder@^1.1.1:
  version "1.3.0"
  resolved "https://registry.yarnpkg.com/string_decoder/-/string_decoder-1.3.0.tgz#42f114594a46cf1a8e30b0a84f56c78c3edac21e"
  integrity sha512-hkRX8U1WjJFd8LsDJ2yQ/wWWxaopEsABU1XfkM8A+j0+85JAGppt16cr1Whg6KIbb4okU6Mql6BOj+uup/wKeA==
  dependencies:
    safe-buffer "~5.2.0"

tlds@1.207.0:
  version "1.207.0"
  resolved "https://registry.yarnpkg.com/tlds/-/tlds-1.207.0.tgz#459264e644cf63ddc0965fece3898913286b1afd"
  integrity sha512-k7d7Q1LqjtAvhtEOs3yN14EabsNO8ZCoY6RESSJDB9lst3bTx3as/m1UuAeCKzYxiyhR1qq72ZPhpSf+qlqiwg==

typescript@^3.8.3:
  version "3.8.3"
  resolved "https://registry.yarnpkg.com/typescript/-/typescript-3.8.3.tgz#409eb8544ea0335711205869ec458ab109ee1061"
  integrity sha512-MYlEfn5VrLNsgudQTVJeNaQFUAI7DkhnOjdpAp4T+ku1TfQClewlbSuTVHiA+8skNBgaf02TL/kLOvig4y3G8w==

uc.micro@^1.0.1:
  version "1.0.6"
  resolved "https://registry.yarnpkg.com/uc.micro/-/uc.micro-1.0.6.tgz#9c411a802a409a91fc6cf74081baba34b24499ac"
  integrity sha512-8Y75pvTYkLJW2hWQHXxoqRgV7qb9B+9vFEtidML+7koHUFapnVJAZ6cKs+Qjz5Aw3aZWHMC6u0wJE3At+nSGwA==

url@0.10.3:
  version "0.10.3"
  resolved "https://registry.yarnpkg.com/url/-/url-0.10.3.tgz#021e4d9c7705f21bbf37d03ceb58767402774c64"
  integrity sha1-Ah5NnHcF8hu/N9A861h2dAJ3TGQ=
  dependencies:
    punycode "1.3.2"
    querystring "0.2.0"

util-deprecate@^1.0.1:
  version "1.0.2"
  resolved "https://registry.yarnpkg.com/util-deprecate/-/util-deprecate-1.0.2.tgz#450d4dc9fa70de732762fbd2d4a28981419a0ccf"
  integrity sha1-RQ1Nyfpw3nMnYvvS1KKJgUGaDM8=

uuid@3.3.2:
  version "3.3.2"
  resolved "https://registry.yarnpkg.com/uuid/-/uuid-3.3.2.tgz#1b4af4955eb3077c501c23872fc6513811587131"
  integrity sha512-yXJmeNaw3DnnKAOKJE51sL/ZaYfWJRl1pK9dr19YFCu0ObS231AB1/LbqTKRAQ5kw8A90rA6fr4riOUpTZvQZA==

watchpack@^2.0.0-beta.10:
  version "2.0.0-beta.13"
  resolved "https://registry.yarnpkg.com/watchpack/-/watchpack-2.0.0-beta.13.tgz#9d9b0c094b8402139333e04eb6194643c8384f55"
  integrity sha512-ZEFq2mx/k5qgQwgi6NOm+2ImICb8ngAkA/rZ6oyXZ7SgPn3pncf+nfhYTCrs3lmHwOxnPtGLTOuFLfpSMh1VMA==
  dependencies:
    glob-to-regexp "^0.4.1"
    graceful-fs "^4.1.2"

xml2js@0.4.19:
  version "0.4.19"
  resolved "https://registry.yarnpkg.com/xml2js/-/xml2js-0.4.19.tgz#686c20f213209e94abf0d1bcf1efaa291c7827a7"
  integrity sha512-esZnJZJOiJR9wWKMyuvSE1y6Dq5LCuJanqhxslH2bxM6duahNZ+HMpCLhBQGZkbX6xRf8x1Y2eJlgt2q3qo49Q==
  dependencies:
    sax ">=0.6.0"
    xmlbuilder "~9.0.1"

xmlbuilder@~9.0.1:
  version "9.0.7"
  resolved "https://registry.yarnpkg.com/xmlbuilder/-/xmlbuilder-9.0.7.tgz#132ee63d2ec5565c557e20f4c22df9aca686b10d"
  integrity sha1-Ey7mPS7FVlxVfiD0wi35rKaGsQ0=
